
Microsoft Visual Studio Solution File, Format Version 12.00
# Visual Studio Version 17
VisualStudioVersion = 17.0.31903.59
MinimumVisualStudioVersion = 10.0.40219.1
Project("{FAE04EC0-301F-11D3-BF4B-00C04F79EFBC}") = "Core", "Core\Core.csproj", "{0D807C6C-7A37-4DA6-883D-E0E0D57AC652}"
EndProject
Project("{FAE04EC0-301F-11D3-BF4B-00C04F79EFBC}") = "Infra", "Infra\Infra.csproj", "{0B52200B-CAC1-4D5C-B93C-E94FA47B58A5}"
EndProject
Project("{FAE04EC0-301F-11D3-BF4B-00C04F79EFBC}") = "Api", "Api\Api.csproj", "{BCF6C584-53FF-4FF9-8F28-6F7043693CD3}"
EndProject
Global
	GlobalSection(SolutionConfigurationPlatforms) = preSolution
		Debug|Any CPU = Debug|Any CPU
		Release|Any CPU = Release|Any CPU
	EndGlobalSection
	GlobalSection(SolutionProperties) = preSolution
		HideSolutionNode = FALSE
	EndGlobalSection
	GlobalSection(ProjectConfigurationPlatforms) = postSolution
		{0D807C6C-7A37-4DA6-883D-E0E0D57AC652}.Debug|Any CPU.ActiveCfg = Debug|Any CPU
		{0D807C6C-7A37-4DA6-883D-E0E0D57AC652}.Debug|Any CPU.Build.0 = Debug|Any CPU
		{0D807C6C-7A37-4DA6-883D-E0E0D57AC652}.Release|Any CPU.ActiveCfg = Release|Any CPU
		{0D807C6C-7A37-4DA6-883D-E0E0D57AC652}.Release|Any CPU.Build.0 = Release|Any CPU
		{0B52200B-CAC1-4D5C-B93C-E94FA47B58A5}.Debug|Any CPU.ActiveCfg = Debug|Any CPU
		{0B52200B-CAC1-4D5C-B93C-E94FA47B58A5}.Debug|Any CPU.Build.0 = Debug|Any CPU
		{0B52200B-CAC1-4D5C-B93C-E94FA47B58A5}.Release|Any CPU.ActiveCfg = Release|Any CPU
		{0B52200B-CAC1-4D5C-B93C-E94FA47B58A5}.Release|Any CPU.Build.0 = Release|Any CPU
		{BCF6C584-53FF-4FF9-8F28-6F7043693CD3}.Debug|Any CPU.ActiveCfg = Debug|Any CPU
		{BCF6C584-53FF-4FF9-8F28-6F7043693CD3}.Debug|Any CPU.Build.0 = Debug|Any CPU
		{BCF6C584-53FF-4FF9-8F28-6F7043693CD3}.Release|Any CPU.ActiveCfg = Release|Any CPU
		{BCF6C584-53FF-4FF9-8F28-6F7043693CD3}.Release|Any CPU.Build.0 = Release|Any CPU
	EndGlobalSection
EndGlobal
