
Microsoft Visual Studio Solution File, Format Version 12.00
# Visual Studio Version 17
VisualStudioVersion = 17.0.31903.59
MinimumVisualStudioVersion = 10.0.40219.1
Project("{FAE04EC0-301F-11D3-BF4B-00C04F79EFBC}") = "WorkerService", "WorkerService\WorkerService.csproj", "{6501DF5A-3B31-4EC0-B8CE-D3E8A2AEA21B}"
EndProject
Project("{FAE04EC0-301F-11D3-BF4B-00C04F79EFBC}") = "Core", "Core\Core.csproj", "{6FA2FC3F-0848-4D33-85DC-6128E66ED99E}"
EndProject
Project("{FAE04EC0-301F-11D3-BF4B-00C04F79EFBC}") = "Infra", "Infra\Infra.csproj", "{13B9E13A-AB2A-4901-B401-1F0A6CE06743}"
EndProject
Global
	GlobalSection(SolutionConfigurationPlatforms) = preSolution
		Debug|Any CPU = Debug|Any CPU
		Release|Any CPU = Release|Any CPU
	EndGlobalSection
	GlobalSection(SolutionProperties) = preSolution
		HideSolutionNode = FALSE
	EndGlobalSection
	GlobalSection(ProjectConfigurationPlatforms) = postSolution
		{6501DF5A-3B31-4EC0-B8CE-D3E8A2AEA21B}.Debug|Any CPU.ActiveCfg = Debug|Any CPU
		{6501DF5A-3B31-4EC0-B8CE-D3E8A2AEA21B}.Debug|Any CPU.Build.0 = Debug|Any CPU
		{6501DF5A-3B31-4EC0-B8CE-D3E8A2AEA21B}.Release|Any CPU.ActiveCfg = Release|Any CPU
		{6501DF5A-3B31-4EC0-B8CE-D3E8A2AEA21B}.Release|Any CPU.Build.0 = Release|Any CPU
		{6FA2FC3F-0848-4D33-85DC-6128E66ED99E}.Debug|Any CPU.ActiveCfg = Debug|Any CPU
		{6FA2FC3F-0848-4D33-85DC-6128E66ED99E}.Debug|Any CPU.Build.0 = Debug|Any CPU
		{6FA2FC3F-0848-4D33-85DC-6128E66ED99E}.Release|Any CPU.ActiveCfg = Release|Any CPU
		{6FA2FC3F-0848-4D33-85DC-6128E66ED99E}.Release|Any CPU.Build.0 = Release|Any CPU
		{13B9E13A-AB2A-4901-B401-1F0A6CE06743}.Debug|Any CPU.ActiveCfg = Debug|Any CPU
		{13B9E13A-AB2A-4901-B401-1F0A6CE06743}.Debug|Any CPU.Build.0 = Debug|Any CPU
		{13B9E13A-AB2A-4901-B401-1F0A6CE06743}.Release|Any CPU.ActiveCfg = Release|Any CPU
		{13B9E13A-AB2A-4901-B401-1F0A6CE06743}.Release|Any CPU.Build.0 = Release|Any CPU
	EndGlobalSection
EndGlobal
